
Microsoft Visual Studio Solution File, Format Version 11.00
# Visual Studio 2010
Project("{FAE04EC0-301F-11D3-BF4B-00C04F79EFBC}") = "Fitlife.WebUI", "Fitlife.WebUI\Fitlife.WebUI.csproj", "{708987EC-BB4C-4B81-A002-B4D5B416A49E}"
	ProjectSection(ProjectDependencies) = postProject
		{B6765100-A0F1-48D1-B491-65D70F4BC288} = {B6765100-A0F1-48D1-B491-65D70F4BC288}
	EndProjectSection
EndProject
Project("{FAE04EC0-301F-11D3-BF4B-00C04F79EFBC}") = "Fitlife.Domain", "Fitlife.Domain\Fitlife.Domain.csproj", "{B6765100-A0F1-48D1-B491-65D70F4BC288}"
EndProject
Global
	GlobalSection(SolutionConfigurationPlatforms) = preSolution
		Debug|Any CPU = Debug|Any CPU
		Release|Any CPU = Release|Any CPU
	EndGlobalSection
	GlobalSection(ProjectConfigurationPlatforms) = postSolution
		{708987EC-BB4C-4B81-A002-B4D5B416A49E}.Debug|Any CPU.ActiveCfg = Debug|Any CPU
		{708987EC-BB4C-4B81-A002-B4D5B416A49E}.Debug|Any CPU.Build.0 = Debug|Any CPU
		{708987EC-BB4C-4B81-A002-B4D5B416A49E}.Release|Any CPU.ActiveCfg = Release|Any CPU
		{708987EC-BB4C-4B81-A002-B4D5B416A49E}.Release|Any CPU.Build.0 = Release|Any CPU
		{B6765100-A0F1-48D1-B491-65D70F4BC288}.Debug|Any CPU.ActiveCfg = Debug|Any CPU
		{B6765100-A0F1-48D1-B491-65D70F4BC288}.Debug|Any CPU.Build.0 = Debug|Any CPU
		{B6765100-A0F1-48D1-B491-65D70F4BC288}.Release|Any CPU.ActiveCfg = Release|Any CPU
		{B6765100-A0F1-48D1-B491-65D70F4BC288}.Release|Any CPU.Build.0 = Release|Any CPU
	EndGlobalSection
	GlobalSection(SolutionProperties) = preSolution
		HideSolutionNode = FALSE
	EndGlobalSection
EndGlobal
